
Microsoft Visual Studio Solution File, Format Version 12.00
# Visual Studio 15
VisualStudioVersion = 15.0.28307.757
MinimumVisualStudioVersion = 10.0.40219.1
Project("{FAE04EC0-301F-11D3-BF4B-00C04F79EFBC}") = "CalculatorUnitTest", "CalculatorUnitTest\CalculatorUnitTest.csproj", "{0144F15B-3866-4506-990A-F7A946A55944}"
EndProject
Global
	GlobalSection(SolutionConfigurationPlatforms) = preSolution
		Debug|Any CPU = Debug|Any CPU
		Release|Any CPU = Release|Any CPU
	EndGlobalSection
	GlobalSection(ProjectConfigurationPlatforms) = postSolution
		{0144F15B-3866-4506-990A-F7A946A55944}.Debug|Any CPU.ActiveCfg = Debug|Any CPU
		{0144F15B-3866-4506-990A-F7A946A55944}.Debug|Any CPU.Build.0 = Debug|Any CPU
		{0144F15B-3866-4506-990A-F7A946A55944}.Release|Any CPU.ActiveCfg = Release|Any CPU
		{0144F15B-3866-4506-990A-F7A946A55944}.Release|Any CPU.Build.0 = Release|Any CPU
	EndGlobalSection
	GlobalSection(SolutionProperties) = preSolution
		HideSolutionNode = FALSE
	EndGlobalSection
	GlobalSection(ExtensibilityGlobals) = postSolution
		SolutionGuid = {FAC565BA-182C-4E3C-AC71-C84C177ED41D}
	EndGlobalSection
EndGlobal
